
Microsoft Visual Studio Solution File, Format Version 12.00
# Visual Studio Version 17
VisualStudioVersion = 17.0.31903.59
MinimumVisualStudioVersion = 10.0.40219.1
Project("{2150E333-8FDC-42A3-9474-1A3956D46DE8}") = "src", "src", "{827E0CD3-B72D-47B6-A68D-7590B98EB39B}"
EndProject
Project("{FAE04EC0-301F-11D3-BF4B-00C04F79EFBC}") = "GPInventory.Domain", "src\GPInventory.Domain\GPInventory.Domain.csproj", "{A9A44DC5-799C-40DC-B1CE-06AD6F3F02FC}"
EndProject
Project("{FAE04EC0-301F-11D3-BF4B-00C04F79EFBC}") = "GPInventory.Application", "src\GPInventory.Application\GPInventory.Application.csproj", "{B5547C94-C895-4587-8C0B-B13049C8F4EE}"
EndProject
Project("{FAE04EC0-301F-11D3-BF4B-00C04F79EFBC}") = "GPInventory.Infrastructure", "src\GPInventory.Infrastructure\GPInventory.Infrastructure.csproj", "{3F3E7187-EDF7-4DD2-8CC9-1D1793D90D06}"
EndProject
Project("{FAE04EC0-301F-11D3-BF4B-00C04F79EFBC}") = "GPInventory.Api", "src\GPInventory.Api\GPInventory.Api.csproj", "{2859B1AA-B229-469C-8136-F4C58A0CF085}"
EndProject
Project("{2150E333-8FDC-42A3-9474-1A3956D46DE8}") = "tests", "tests", "{0AB3BF05-4346-4AA6-1389-037BE0695223}"
EndProject
Project("{FAE04EC0-301F-11D3-BF4B-00C04F79EFBC}") = "GPInventory.Tests", "tests\GPInventory.Tests\GPInventory.Tests.csproj", "{6B705C7F-68AB-4D7E-B2F7-16F51A33D35E}"
EndProject
Project("{FAE04EC0-301F-11D3-BF4B-00C04F79EFBC}") = "GPInventory.IntegrationTests", "tests\GPInventory.IntegrationTests\GPInventory.IntegrationTests.csproj", "{F02BE50A-DA88-4799-AC27-1D5AC9413A84}"
EndProject
Global
	GlobalSection(SolutionConfigurationPlatforms) = preSolution
		Debug|Any CPU = Debug|Any CPU
		Debug|x64 = Debug|x64
		Debug|x86 = Debug|x86
		Release|Any CPU = Release|Any CPU
		Release|x64 = Release|x64
		Release|x86 = Release|x86
	EndGlobalSection
	GlobalSection(ProjectConfigurationPlatforms) = postSolution
		{A9A44DC5-799C-40DC-B1CE-06AD6F3F02FC}.Debug|Any CPU.ActiveCfg = Debug|Any CPU
		{A9A44DC5-799C-40DC-B1CE-06AD6F3F02FC}.Debug|Any CPU.Build.0 = Debug|Any CPU
		{A9A44DC5-799C-40DC-B1CE-06AD6F3F02FC}.Debug|x64.ActiveCfg = Debug|Any CPU
		{A9A44DC5-799C-40DC-B1CE-06AD6F3F02FC}.Debug|x64.Build.0 = Debug|Any CPU
		{A9A44DC5-799C-40DC-B1CE-06AD6F3F02FC}.Debug|x86.ActiveCfg = Debug|Any CPU
		{A9A44DC5-799C-40DC-B1CE-06AD6F3F02FC}.Debug|x86.Build.0 = Debug|Any CPU
		{A9A44DC5-799C-40DC-B1CE-06AD6F3F02FC}.Release|Any CPU.ActiveCfg = Release|Any CPU
		{A9A44DC5-799C-40DC-B1CE-06AD6F3F02FC}.Release|Any CPU.Build.0 = Release|Any CPU
		{A9A44DC5-799C-40DC-B1CE-06AD6F3F02FC}.Release|x64.ActiveCfg = Release|Any CPU
		{A9A44DC5-799C-40DC-B1CE-06AD6F3F02FC}.Release|x64.Build.0 = Release|Any CPU
		{A9A44DC5-799C-40DC-B1CE-06AD6F3F02FC}.Release|x86.ActiveCfg = Release|Any CPU
		{A9A44DC5-799C-40DC-B1CE-06AD6F3F02FC}.Release|x86.Build.0 = Release|Any CPU
		{B5547C94-C895-4587-8C0B-B13049C8F4EE}.Debug|Any CPU.ActiveCfg = Debug|Any CPU
		{B5547C94-C895-4587-8C0B-B13049C8F4EE}.Debug|Any CPU.Build.0 = Debug|Any CPU
		{B5547C94-C895-4587-8C0B-B13049C8F4EE}.Debug|x64.ActiveCfg = Debug|Any CPU
		{B5547C94-C895-4587-8C0B-B13049C8F4EE}.Debug|x64.Build.0 = Debug|Any CPU
		{B5547C94-C895-4587-8C0B-B13049C8F4EE}.Debug|x86.ActiveCfg = Debug|Any CPU
		{B5547C94-C895-4587-8C0B-B13049C8F4EE}.Debug|x86.Build.0 = Debug|Any CPU
		{B5547C94-C895-4587-8C0B-B13049C8F4EE}.Release|Any CPU.ActiveCfg = Release|Any CPU
		{B5547C94-C895-4587-8C0B-B13049C8F4EE}.Release|Any CPU.Build.0 = Release|Any CPU
		{B5547C94-C895-4587-8C0B-B13049C8F4EE}.Release|x64.ActiveCfg = Release|Any CPU
		{B5547C94-C895-4587-8C0B-B13049C8F4EE}.Release|x64.Build.0 = Release|Any CPU
		{B5547C94-C895-4587-8C0B-B13049C8F4EE}.Release|x86.ActiveCfg = Release|Any CPU
		{B5547C94-C895-4587-8C0B-B13049C8F4EE}.Release|x86.Build.0 = Release|Any CPU
		{3F3E7187-EDF7-4DD2-8CC9-1D1793D90D06}.Debug|Any CPU.ActiveCfg = Debug|Any CPU
		{3F3E7187-EDF7-4DD2-8CC9-1D1793D90D06}.Debug|Any CPU.Build.0 = Debug|Any CPU
		{3F3E7187-EDF7-4DD2-8CC9-1D1793D90D06}.Debug|x64.ActiveCfg = Debug|Any CPU
		{3F3E7187-EDF7-4DD2-8CC9-1D1793D90D06}.Debug|x64.Build.0 = Debug|Any CPU
		{3F3E7187-EDF7-4DD2-8CC9-1D1793D90D06}.Debug|x86.ActiveCfg = Debug|Any CPU
		{3F3E7187-EDF7-4DD2-8CC9-1D1793D90D06}.Debug|x86.Build.0 = Debug|Any CPU
		{3F3E7187-EDF7-4DD2-8CC9-1D1793D90D06}.Release|Any CPU.ActiveCfg = Release|Any CPU
		{3F3E7187-EDF7-4DD2-8CC9-1D1793D90D06}.Release|Any CPU.Build.0 = Release|Any CPU
		{3F3E7187-EDF7-4DD2-8CC9-1D1793D90D06}.Release|x64.ActiveCfg = Release|Any CPU
		{3F3E7187-EDF7-4DD2-8CC9-1D1793D90D06}.Release|x64.Build.0 = Release|Any CPU
		{3F3E7187-EDF7-4DD2-8CC9-1D1793D90D06}.Release|x86.ActiveCfg = Release|Any CPU
		{3F3E7187-EDF7-4DD2-8CC9-1D1793D90D06}.Release|x86.Build.0 = Release|Any CPU
		{2859B1AA-B229-469C-8136-F4C58A0CF085}.Debug|Any CPU.ActiveCfg = Debug|Any CPU
		{2859B1AA-B229-469C-8136-F4C58A0CF085}.Debug|Any CPU.Build.0 = Debug|Any CPU
		{2859B1AA-B229-469C-8136-F4C58A0CF085}.Debug|x64.ActiveCfg = Debug|Any CPU
		{2859B1AA-B229-469C-8136-F4C58A0CF085}.Debug|x64.Build.0 = Debug|Any CPU
		{2859B1AA-B229-469C-8136-F4C58A0CF085}.Debug|x86.ActiveCfg = Debug|Any CPU
		{2859B1AA-B229-469C-8136-F4C58A0CF085}.Debug|x86.Build.0 = Debug|Any CPU
		{2859B1AA-B229-469C-8136-F4C58A0CF085}.Release|Any CPU.ActiveCfg = Release|Any CPU
		{2859B1AA-B229-469C-8136-F4C58A0CF085}.Release|Any CPU.Build.0 = Release|Any CPU
		{2859B1AA-B229-469C-8136-F4C58A0CF085}.Release|x64.ActiveCfg = Release|Any CPU
		{2859B1AA-B229-469C-8136-F4C58A0CF085}.Release|x64.Build.0 = Release|Any CPU
		{2859B1AA-B229-469C-8136-F4C58A0CF085}.Release|x86.ActiveCfg = Release|Any CPU
		{2859B1AA-B229-469C-8136-F4C58A0CF085}.Release|x86.Build.0 = Release|Any CPU
		{6B705C7F-68AB-4D7E-B2F7-16F51A33D35E}.Debug|Any CPU.ActiveCfg = Debug|Any CPU
		{6B705C7F-68AB-4D7E-B2F7-16F51A33D35E}.Debug|Any CPU.Build.0 = Debug|Any CPU
		{6B705C7F-68AB-4D7E-B2F7-16F51A33D35E}.Debug|x64.ActiveCfg = Debug|Any CPU
		{6B705C7F-68AB-4D7E-B2F7-16F51A33D35E}.Debug|x64.Build.0 = Debug|Any CPU
		{6B705C7F-68AB-4D7E-B2F7-16F51A33D35E}.Debug|x86.ActiveCfg = Debug|Any CPU
		{6B705C7F-68AB-4D7E-B2F7-16F51A33D35E}.Debug|x86.Build.0 = Debug|Any CPU
		{6B705C7F-68AB-4D7E-B2F7-16F51A33D35E}.Release|Any CPU.ActiveCfg = Release|Any CPU
		{6B705C7F-68AB-4D7E-B2F7-16F51A33D35E}.Release|Any CPU.Build.0 = Release|Any CPU
		{6B705C7F-68AB-4D7E-B2F7-16F51A33D35E}.Release|x64.ActiveCfg = Release|Any CPU
		{6B705C7F-68AB-4D7E-B2F7-16F51A33D35E}.Release|x64.Build.0 = Release|Any CPU
		{6B705C7F-68AB-4D7E-B2F7-16F51A33D35E}.Release|x86.ActiveCfg = Release|Any CPU
		{6B705C7F-68AB-4D7E-B2F7-16F51A33D35E}.Release|x86.Build.0 = Release|Any CPU
		{F02BE50A-DA88-4799-AC27-1D5AC9413A84}.Debug|Any CPU.ActiveCfg = Debug|Any CPU
		{F02BE50A-DA88-4799-AC27-1D5AC9413A84}.Debug|Any CPU.Build.0 = Debug|Any CPU
		{F02BE50A-DA88-4799-AC27-1D5AC9413A84}.Debug|x64.ActiveCfg = Debug|Any CPU
		{F02BE50A-DA88-4799-AC27-1D5AC9413A84}.Debug|x64.Build.0 = Debug|Any CPU
		{F02BE50A-DA88-4799-AC27-1D5AC9413A84}.Debug|x86.ActiveCfg = Debug|Any CPU
		{F02BE50A-DA88-4799-AC27-1D5AC9413A84}.Debug|x86.Build.0 = Debug|Any CPU
		{F02BE50A-DA88-4799-AC27-1D5AC9413A84}.Release|Any CPU.ActiveCfg = Release|Any CPU
		{F02BE50A-DA88-4799-AC27-1D5AC9413A84}.Release|Any CPU.Build.0 = Release|Any CPU
		{F02BE50A-DA88-4799-AC27-1D5AC9413A84}.Release|x64.ActiveCfg = Release|Any CPU
		{F02BE50A-DA88-4799-AC27-1D5AC9413A84}.Release|x64.Build.0 = Release|Any CPU
		{F02BE50A-DA88-4799-AC27-1D5AC9413A84}.Release|x86.ActiveCfg = Release|Any CPU
		{F02BE50A-DA88-4799-AC27-1D5AC9413A84}.Release|x86.Build.0 = Release|Any CPU
	EndGlobalSection
	GlobalSection(SolutionProperties) = preSolution
		HideSolutionNode = FALSE
	EndGlobalSection
	GlobalSection(NestedProjects) = preSolution
		{A9A44DC5-799C-40DC-B1CE-06AD6F3F02FC} = {827E0CD3-B72D-47B6-A68D-7590B98EB39B}
		{B5547C94-C895-4587-8C0B-B13049C8F4EE} = {827E0CD3-B72D-47B6-A68D-7590B98EB39B}
		{3F3E7187-EDF7-4DD2-8CC9-1D1793D90D06} = {827E0CD3-B72D-47B6-A68D-7590B98EB39B}
		{2859B1AA-B229-469C-8136-F4C58A0CF085} = {827E0CD3-B72D-47B6-A68D-7590B98EB39B}
		{6B705C7F-68AB-4D7E-B2F7-16F51A33D35E} = {0AB3BF05-4346-4AA6-1389-037BE0695223}
		{F02BE50A-DA88-4799-AC27-1D5AC9413A84} = {0AB3BF05-4346-4AA6-1389-037BE0695223}
	EndGlobalSection
EndGlobal
